
Microsoft Visual Studio Solution File, Format Version 12.00
# Visual Studio Version 17
VisualStudioVersion = 17.12.35707.178 d17.12
MinimumVisualStudioVersion = 10.0.40219.1
Project("{FAE04EC0-301F-11D3-BF4B-00C04F79EFBC}") = "Accounting_Business", "Accounting_Business\Accounting_Business.csproj", "{A07E60D0-4702-49D9-9C04-685D2B24BB98}"
EndProject
Project("{FAE04EC0-301F-11D3-BF4B-00C04F79EFBC}") = "Accounting_Api", "Accounting_Api\Accounting_Api.csproj", "{74447530-C285-4936-B9C6-28BD5F136FCD}"
EndProject
Global
	GlobalSection(SolutionConfigurationPlatforms) = preSolution
		Debug|Any CPU = Debug|Any CPU
		Release|Any CPU = Release|Any CPU
	EndGlobalSection
	GlobalSection(ProjectConfigurationPlatforms) = postSolution
		{A07E60D0-4702-49D9-9C04-685D2B24BB98}.Debug|Any CPU.ActiveCfg = Debug|Any CPU
		{A07E60D0-4702-49D9-9C04-685D2B24BB98}.Debug|Any CPU.Build.0 = Debug|Any CPU
		{A07E60D0-4702-49D9-9C04-685D2B24BB98}.Release|Any CPU.ActiveCfg = Release|Any CPU
		{A07E60D0-4702-49D9-9C04-685D2B24BB98}.Release|Any CPU.Build.0 = Release|Any CPU
		{74447530-C285-4936-B9C6-28BD5F136FCD}.Debug|Any CPU.ActiveCfg = Debug|Any CPU
		{74447530-C285-4936-B9C6-28BD5F136FCD}.Debug|Any CPU.Build.0 = Debug|Any CPU
		{74447530-C285-4936-B9C6-28BD5F136FCD}.Release|Any CPU.ActiveCfg = Release|Any CPU
		{74447530-C285-4936-B9C6-28BD5F136FCD}.Release|Any CPU.Build.0 = Release|Any CPU
	EndGlobalSection
	GlobalSection(SolutionProperties) = preSolution
		HideSolutionNode = FALSE
	EndGlobalSection
EndGlobal
